<?xml version="1.0" encoding="utf-8"?>
<Project ToolsVersion="4.0" xmlns="http://schemas.microsoft.com/developer/msbuild/2003">
  <ItemGroup>
    <Filter Include="Source Files">
      <UniqueIdentifier>{4FC737F1-C7A5-4376-A066-2A32D752A2FF}</UniqueIdentifier>
      <Extensions>cpp;c;cc;cxx;def;odl;idl;hpj;bat;asm;asmx</Extensions>
    </Filter>
    <Filter Include="Header Files">
      <UniqueIdentifier>{93995380-89BD-4b04-88EB-625FBE52EBFB}</UniqueIdentifier>
      <Extensions>h;hh;hpp;hxx;hm;inl;inc;ipp;xsd</Extensions>
    </Filter>
    <Filter Include="Resource Files">
      <UniqueIdentifier>{67DA6AB6-F800-4c08-8B7A-83BB121AAD01}</UniqueIdentifier>
      <Extensions>rc;ico;cur;bmp;dlg;rc2;rct;bin;rgs;gif;jpg;jpeg;jpe;resx;tiff;tif;png;wav;mfcribbon-ms</Extensions>
    </Filter>
    <Filter Include="Weapons">
      <UniqueIdentifier>{af25e6af-f31b-4bec-bdb1-1e85a78b0755}</UniqueIdentifier>
    </Filter>
    <Filter Include="AbstractFactory">
      <UniqueIdentifier>{3409d773-1a61-4c1a-8da5-78073f03508a}</UniqueIdentifier>
    </Filter>
    <Filter Include="WoldObject">
      <UniqueIdentifier>{146fdd47-bf66-47bb-b43a-ab04b7f9ca6e}</UniqueIdentifier>
    </Filter>
    <Filter Include="RobotFunFun">
      <UniqueIdentifier>{daa97e42-aa1f-4000-884c-abdd95d3257a}</UniqueIdentifier>
    </Filter>
    <Filter Include="Singleton">
      <UniqueIdentifier>{1537827e-e516-4d56-9356-fe010c546de3}</UniqueIdentifier>
    </Filter>
  </ItemGroup>
  <ItemGroup>
    <ClInclude Include="cShip.h">
      <Filter>Header Files</Filter>
    </ClInclude>
    <ClInclude Include="cFastShip.h">
      <Filter>Header Files</Filter>
    </ClInclude>
    <ClInclude Include="cBigFastShip.h">
      <Filter>Header Files</Filter>
    </ClInclude>
    <ClInclude Include="iShip.h">
      <Filter>Header Files</Filter>
    </ClInclude>
    <ClInclude Include="cSmallShip.h">
      <Filter>Header Files</Filter>
    </ClInclude>
    <ClInclude Include="iShipDamageInterface.h">
      <Filter>Header Files</Filter>
    </ClInclude>
    <ClInclude Include="iShipControl.h">
      <Filter>Header Files</Filter>
    </ClInclude>
    <ClInclude Include="cLASER.h">
      <Filter>Weapons</Filter>
    </ClInclude>
    <ClInclude Include="cBigFreakingLASER.h">
      <Filter>Weapons</Filter>
    </ClInclude>
    <ClInclude Include="cShipFactory.h">
      <Filter>AbstractFactory</Filter>
    </ClInclude>
    <ClInclude Include="cStealthShip.h">
      <Filter>Header Files</Filter>
    </ClInclude>
    <ClInclude Include="cFancyLASER.h">
      <Filter>Weapons</Filter>
    </ClInclude>
    <ClInclude Include="cTorpedo.h">
      <Filter>Weapons</Filter>
    </ClInclude>
    <ClInclude Include="iShipBuilder.h">
      <Filter>AbstractFactory</Filter>
    </ClInclude>
    <ClInclude Include="cRobot.h">
      <Filter>RobotFunFun</Filter>
    </ClInclude>
    <ClInclude Include="cRobotWorld.h">
      <Filter>RobotFunFun</Filter>
    </ClInclude>
    <ClInclude Include="iMediatorInterface.h">
      <Filter>RobotFunFun</Filter>
    </ClInclude>
    <ClInclude Include="cFood.h">
      <Filter>RobotFunFun</Filter>
    </ClInclude>
    <ClInclude Include="cWorld.h">
      <Filter>Singleton</Filter>
    </ClInclude>
    <ClInclude Include="cWorld2.h">
      <Filter>Singleton</Filter>
    </ClInclude>
  </ItemGroup>
  <ItemGroup>
    <ClCompile Include="theMain.cpp">
      <Filter>Source Files</Filter>
    </ClCompile>
    <ClCompile Include="cShip.cpp">
      <Filter>Source Files</Filter>
    </ClCompile>
    <ClCompile Include="cFastShip.cpp">
      <Filter>Source Files</Filter>
    </ClCompile>
    <ClCompile Include="cBigFastShip.cpp">
      <Filter>Source Files</Filter>
    </ClCompile>
    <ClCompile Include="cSmallShip.cpp">
      <Filter>Source Files</Filter>
    </ClCompile>
    <ClCompile Include="cLASER.cpp">
      <Filter>Weapons</Filter>
    </ClCompile>
    <ClCompile Include="cBigFreakingLASER.cpp">
      <Filter>Weapons</Filter>
    </ClCompile>
    <ClCompile Include="cShipFactory.cpp">
      <Filter>AbstractFactory</Filter>
    </ClCompile>
    <ClCompile Include="cStealthShip.cpp">
      <Filter>Source Files</Filter>
    </ClCompile>
    <ClCompile Include="cFancyLASER.cpp">
      <Filter>Weapons</Filter>
    </ClCompile>
    <ClCompile Include="cTorpedo.cpp">
      <Filter>Weapons</Filter>
    </ClCompile>
    <ClCompile Include="cRobotWorld.cpp">
      <Filter>RobotFunFun</Filter>
    </ClCompile>
    <ClCompile Include="cRobot.cpp">
      <Filter>RobotFunFun</Filter>
    </ClCompile>
    <ClCompile Include="cWorld.cpp">
      <Filter>Singleton</Filter>
    </ClCompile>
    <ClCompile Include="cWorld2.cpp">
      <Filter>Singleton</Filter>
    </ClCompile>
  </ItemGroup>
</Project>