<?xml version="1.0" encoding="utf-8"?>
<Project ToolsVersion="4.0" xmlns="http://schemas.microsoft.com/developer/msbuild/2003">
  <ItemGroup>
    <Filter Include="Source Files">
      <UniqueIdentifier>{4FC737F1-C7A5-4376-A066-2A32D752A2FF}</UniqueIdentifier>
      <Extensions>cpp;c;cc;cxx;def;odl;idl;hpj;bat;asm;asmx</Extensions>
    </Filter>
    <Filter Include="Header Files">
      <UniqueIdentifier>{93995380-89BD-4b04-88EB-625FBE52EBFB}</UniqueIdentifier>
      <Extensions>h;hh;hpp;hxx;hm;inl;inc;ipp;xsd</Extensions>
    </Filter>
    <Filter Include="Resource Files">
      <UniqueIdentifier>{67DA6AB6-F800-4c08-8B7A-83BB121AAD01}</UniqueIdentifier>
      <Extensions>rc;ico;cur;bmp;dlg;rc2;rct;bin;rgs;gif;jpg;jpeg;jpe;resx;tiff;tif;png;wav;mfcribbon-ms</Extensions>
    </Filter>
    <Filter Include="NVPair">
      <UniqueIdentifier>{01cf7ab0-202f-49e6-a6be-e53e300b6967}</UniqueIdentifier>
    </Filter>
    <Filter Include="Human">
      <UniqueIdentifier>{0c5d4afe-bb7f-4098-99fa-bd18e9e0c7c4}</UniqueIdentifier>
    </Filter>
  </ItemGroup>
  <ItemGroup>
    <ClInclude Include="cRobot.h">
      <Filter>Header Files</Filter>
    </ClInclude>
    <ClInclude Include="cWorld.h">
      <Filter>Header Files</Filter>
    </ClInclude>
    <ClInclude Include="cBattery.h">
      <Filter>Header Files</Filter>
    </ClInclude>
    <ClInclude Include="commonstuff.h">
      <Filter>Header Files</Filter>
    </ClInclude>
    <ClInclude Include="sNVPair.h">
      <Filter>NVPair</Filter>
    </ClInclude>
    <ClInclude Include="iWorldRobotInterface.h">
      <Filter>Header Files</Filter>
    </ClInclude>
    <ClInclude Include="iMessageInterface.h">
      <Filter>Header Files</Filter>
    </ClInclude>
    <ClInclude Include="cObserver.h">
      <Filter>Header Files</Filter>
    </ClInclude>
    <ClInclude Include="cHuman.h">
      <Filter>Human</Filter>
    </ClInclude>
    <ClInclude Include="cHuman_Imp.h">
      <Filter>Human</Filter>
    </ClInclude>
  </ItemGroup>
  <ItemGroup>
    <ClCompile Include="cWorld.cpp">
      <Filter>Source Files</Filter>
    </ClCompile>
    <ClCompile Include="cRobot.cpp">
      <Filter>Source Files</Filter>
    </ClCompile>
    <ClCompile Include="theMain.cpp">
      <Filter>Source Files</Filter>
    </ClCompile>
    <ClCompile Include="sNVPair.cpp">
      <Filter>NVPair</Filter>
    </ClCompile>
    <ClCompile Include="cBattery.cpp">
      <Filter>Source Files</Filter>
    </ClCompile>
    <ClCompile Include="cObserver.cpp">
      <Filter>Source Files</Filter>
    </ClCompile>
    <ClCompile Include="cHuman.cpp">
      <Filter>Human</Filter>
    </ClCompile>
    <ClCompile Include="cHuman_Imp.cpp">
      <Filter>Human</Filter>
    </ClCompile>
  </ItemGroup>
</Project>